
Microsoft Visual Studio Solution File, Format Version 10.00
# Visual Studio 2008
Project("{8BC9CEB8-8B4A-11D0-8D11-00A0C91BC942}") = "COMClasses", "COMClasses.vcproj", "{6B5AC4A6-45F5-48AC-BC17-262D30EF2D92}"
EndProject
Global
	GlobalSection(SolutionConfigurationPlatforms) = preSolution
		Debug|Win32 = Debug|Win32
		Release|Win32 = Release|Win32
	EndGlobalSection
	GlobalSection(ProjectConfigurationPlatforms) = postSolution
		{6B5AC4A6-45F5-48AC-BC17-262D30EF2D92}.Debug|Win32.ActiveCfg = Debug|Win32
		{6B5AC4A6-45F5-48AC-BC17-262D30EF2D92}.Debug|Win32.Build.0 = Debug|Win32
		{6B5AC4A6-45F5-48AC-BC17-262D30EF2D92}.Release|Win32.ActiveCfg = Release|Win32
		{6B5AC4A6-45F5-48AC-BC17-262D30EF2D92}.Release|Win32.Build.0 = Release|Win32
	EndGlobalSection
	GlobalSection(SolutionProperties) = preSolution
		HideSolutionNode = FALSE
	EndGlobalSection
EndGlobal
